
Microsoft Visual Studio Solution File, Format Version 12.00
# Visual Studio Version 17
VisualStudioVersion = 17.9.34714.143
MinimumVisualStudioVersion = 10.0.40219.1
Project("{9A19103F-16F7-4668-BE54-9A1E7A4F7556}") = "Bookstore.API", "Bookstore\Bookstore.API.csproj", "{C8A909D5-6411-483F-A958-D8299BC01C7E}"
EndProject
Project("{9A19103F-16F7-4668-BE54-9A1E7A4F7556}") = "Bookstore.Domain", "Domain\Bookstore.Domain.csproj", "{BB77FBFE-5589-4E1C-A13D-0568EC74ABCE}"
EndProject
Project("{9A19103F-16F7-4668-BE54-9A1E7A4F7556}") = "Bookstore.Application", "Application\Bookstore.Application.csproj", "{6724094A-C741-435D-8EDB-0478FE9D7310}"
EndProject
Project("{9A19103F-16F7-4668-BE54-9A1E7A4F7556}") = "Bookstore.Infrastructure", "Infrastructure\Bookstore.Infrastructure.csproj", "{F183596E-C9CA-4F9D-87D1-F5B96DD329FC}"
EndProject
Project("{9A19103F-16F7-4668-BE54-9A1E7A4F7556}") = "Test", "Test\Test.csproj", "{0FDDBC08-EBAC-4AAB-87C3-A8A5529D01D6}"
EndProject
Global
	GlobalSection(SolutionConfigurationPlatforms) = preSolution
		Debug|Any CPU = Debug|Any CPU
		Release|Any CPU = Release|Any CPU
	EndGlobalSection
	GlobalSection(ProjectConfigurationPlatforms) = postSolution
		{C8A909D5-6411-483F-A958-D8299BC01C7E}.Debug|Any CPU.ActiveCfg = Debug|Any CPU
		{C8A909D5-6411-483F-A958-D8299BC01C7E}.Debug|Any CPU.Build.0 = Debug|Any CPU
		{C8A909D5-6411-483F-A958-D8299BC01C7E}.Release|Any CPU.ActiveCfg = Release|Any CPU
		{C8A909D5-6411-483F-A958-D8299BC01C7E}.Release|Any CPU.Build.0 = Release|Any CPU
		{BB77FBFE-5589-4E1C-A13D-0568EC74ABCE}.Debug|Any CPU.ActiveCfg = Debug|Any CPU
		{BB77FBFE-5589-4E1C-A13D-0568EC74ABCE}.Debug|Any CPU.Build.0 = Debug|Any CPU
		{BB77FBFE-5589-4E1C-A13D-0568EC74ABCE}.Release|Any CPU.ActiveCfg = Release|Any CPU
		{BB77FBFE-5589-4E1C-A13D-0568EC74ABCE}.Release|Any CPU.Build.0 = Release|Any CPU
		{6724094A-C741-435D-8EDB-0478FE9D7310}.Debug|Any CPU.ActiveCfg = Debug|Any CPU
		{6724094A-C741-435D-8EDB-0478FE9D7310}.Debug|Any CPU.Build.0 = Debug|Any CPU
		{6724094A-C741-435D-8EDB-0478FE9D7310}.Release|Any CPU.ActiveCfg = Release|Any CPU
		{6724094A-C741-435D-8EDB-0478FE9D7310}.Release|Any CPU.Build.0 = Release|Any CPU
		{F183596E-C9CA-4F9D-87D1-F5B96DD329FC}.Debug|Any CPU.ActiveCfg = Debug|Any CPU
		{F183596E-C9CA-4F9D-87D1-F5B96DD329FC}.Debug|Any CPU.Build.0 = Debug|Any CPU
		{F183596E-C9CA-4F9D-87D1-F5B96DD329FC}.Release|Any CPU.ActiveCfg = Release|Any CPU
		{F183596E-C9CA-4F9D-87D1-F5B96DD329FC}.Release|Any CPU.Build.0 = Release|Any CPU
		{0FDDBC08-EBAC-4AAB-87C3-A8A5529D01D6}.Debug|Any CPU.ActiveCfg = Debug|Any CPU
		{0FDDBC08-EBAC-4AAB-87C3-A8A5529D01D6}.Debug|Any CPU.Build.0 = Debug|Any CPU
		{0FDDBC08-EBAC-4AAB-87C3-A8A5529D01D6}.Release|Any CPU.ActiveCfg = Release|Any CPU
		{0FDDBC08-EBAC-4AAB-87C3-A8A5529D01D6}.Release|Any CPU.Build.0 = Release|Any CPU
	EndGlobalSection
	GlobalSection(SolutionProperties) = preSolution
		HideSolutionNode = FALSE
	EndGlobalSection
	GlobalSection(ExtensibilityGlobals) = postSolution
		SolutionGuid = {6E998E31-1A03-4AFD-8AAC-D40C33376EF4}
	EndGlobalSection
EndGlobal
